
Microsoft Visual Studio Solution File, Format Version 12.00
# Visual Studio Version 16
VisualStudioVersion = 16.0.31129.286
MinimumVisualStudioVersion = 15.0.26124.0
Project("{9A19103F-16F7-4668-BE54-9A1E7A4F7556}") = "Gomoku", "Gomoku\Gomoku.csproj", "{BE17C24F-FD31-4BD2-8EFC-3684E9F06E55}"
EndProject
Project("{9A19103F-16F7-4668-BE54-9A1E7A4F7556}") = "Gomoku.Tests", "Gomoku.Tests\Gomoku.Tests.csproj", "{FCCF77D2-A9D8-4C2F-850C-2F978020CCFC}"
EndProject
Global
	GlobalSection(SolutionConfigurationPlatforms) = preSolution
		Debug|Any CPU = Debug|Any CPU
		Debug|x64 = Debug|x64
		Debug|x86 = Debug|x86
		Release|Any CPU = Release|Any CPU
		Release|x64 = Release|x64
		Release|x86 = Release|x86
	EndGlobalSection
	GlobalSection(ProjectConfigurationPlatforms) = postSolution
		{BE17C24F-FD31-4BD2-8EFC-3684E9F06E55}.Debug|Any CPU.ActiveCfg = Debug|Any CPU
		{BE17C24F-FD31-4BD2-8EFC-3684E9F06E55}.Debug|Any CPU.Build.0 = Debug|Any CPU
		{BE17C24F-FD31-4BD2-8EFC-3684E9F06E55}.Debug|x64.ActiveCfg = Debug|Any CPU
		{BE17C24F-FD31-4BD2-8EFC-3684E9F06E55}.Debug|x64.Build.0 = Debug|Any CPU
		{BE17C24F-FD31-4BD2-8EFC-3684E9F06E55}.Debug|x86.ActiveCfg = Debug|Any CPU
		{BE17C24F-FD31-4BD2-8EFC-3684E9F06E55}.Debug|x86.Build.0 = Debug|Any CPU
		{BE17C24F-FD31-4BD2-8EFC-3684E9F06E55}.Release|Any CPU.ActiveCfg = Release|Any CPU
		{BE17C24F-FD31-4BD2-8EFC-3684E9F06E55}.Release|Any CPU.Build.0 = Release|Any CPU
		{BE17C24F-FD31-4BD2-8EFC-3684E9F06E55}.Release|x64.ActiveCfg = Release|Any CPU
		{BE17C24F-FD31-4BD2-8EFC-3684E9F06E55}.Release|x64.Build.0 = Release|Any CPU
		{BE17C24F-FD31-4BD2-8EFC-3684E9F06E55}.Release|x86.ActiveCfg = Release|Any CPU
		{BE17C24F-FD31-4BD2-8EFC-3684E9F06E55}.Release|x86.Build.0 = Release|Any CPU
		{FCCF77D2-A9D8-4C2F-850C-2F978020CCFC}.Debug|Any CPU.ActiveCfg = Debug|Any CPU
		{FCCF77D2-A9D8-4C2F-850C-2F978020CCFC}.Debug|Any CPU.Build.0 = Debug|Any CPU
		{FCCF77D2-A9D8-4C2F-850C-2F978020CCFC}.Debug|x64.ActiveCfg = Debug|Any CPU
		{FCCF77D2-A9D8-4C2F-850C-2F978020CCFC}.Debug|x64.Build.0 = Debug|Any CPU
		{FCCF77D2-A9D8-4C2F-850C-2F978020CCFC}.Debug|x86.ActiveCfg = Debug|Any CPU
		{FCCF77D2-A9D8-4C2F-850C-2F978020CCFC}.Debug|x86.Build.0 = Debug|Any CPU
		{FCCF77D2-A9D8-4C2F-850C-2F978020CCFC}.Release|Any CPU.ActiveCfg = Release|Any CPU
		{FCCF77D2-A9D8-4C2F-850C-2F978020CCFC}.Release|Any CPU.Build.0 = Release|Any CPU
		{FCCF77D2-A9D8-4C2F-850C-2F978020CCFC}.Release|x64.ActiveCfg = Release|Any CPU
		{FCCF77D2-A9D8-4C2F-850C-2F978020CCFC}.Release|x64.Build.0 = Release|Any CPU
		{FCCF77D2-A9D8-4C2F-850C-2F978020CCFC}.Release|x86.ActiveCfg = Release|Any CPU
		{FCCF77D2-A9D8-4C2F-850C-2F978020CCFC}.Release|x86.Build.0 = Release|Any CPU
	EndGlobalSection
	GlobalSection(SolutionProperties) = preSolution
		HideSolutionNode = FALSE
	EndGlobalSection
	GlobalSection(ExtensibilityGlobals) = postSolution
		SolutionGuid = {B7B047D8-FFD2-48E9-9F04-F3064473BFC8}
	EndGlobalSection
EndGlobal
